
Microsoft Visual Studio Solution File, Format Version 12.00
# Visual Studio 15
VisualStudioVersion = 15.0.28307.1022
MinimumVisualStudioVersion = 10.0.40219.1
Project("{8BC9CEB8-8B4A-11D0-8D11-00A0C91BC942}") = "lab5", "lab5.vcxproj", "{76CF756F-34A6-4E56-B9F6-5EFCBEC892E2}"
EndProject
Global
	GlobalSection(SolutionConfigurationPlatforms) = preSolution
		Debug|x64 = Debug|x64
		Debug|x86 = Debug|x86
		Release|x64 = Release|x64
		Release|x86 = Release|x86
	EndGlobalSection
	GlobalSection(ProjectConfigurationPlatforms) = postSolution
		{76CF756F-34A6-4E56-B9F6-5EFCBEC892E2}.Debug|x64.ActiveCfg = Debug|x64
		{76CF756F-34A6-4E56-B9F6-5EFCBEC892E2}.Debug|x64.Build.0 = Debug|x64
		{76CF756F-34A6-4E56-B9F6-5EFCBEC892E2}.Debug|x86.ActiveCfg = Debug|Win32
		{76CF756F-34A6-4E56-B9F6-5EFCBEC892E2}.Debug|x86.Build.0 = Debug|Win32
		{76CF756F-34A6-4E56-B9F6-5EFCBEC892E2}.Release|x64.ActiveCfg = Release|x64
		{76CF756F-34A6-4E56-B9F6-5EFCBEC892E2}.Release|x64.Build.0 = Release|x64
		{76CF756F-34A6-4E56-B9F6-5EFCBEC892E2}.Release|x86.ActiveCfg = Release|Win32
		{76CF756F-34A6-4E56-B9F6-5EFCBEC892E2}.Release|x86.Build.0 = Release|Win32
	EndGlobalSection
	GlobalSection(SolutionProperties) = preSolution
		HideSolutionNode = FALSE
	EndGlobalSection
	GlobalSection(ExtensibilityGlobals) = postSolution
		SolutionGuid = {4A01D9C6-6566-48A6-ABC0-D1574C7E30E2}
	EndGlobalSection
EndGlobal
