
Microsoft Visual Studio Solution File, Format Version 12.00
# Visual Studio 15
VisualStudioVersion = 15.0.28307.1022
MinimumVisualStudioVersion = 10.0.40219.1
Project("{FAE04EC0-301F-11D3-BF4B-00C04F79EFBC}") = "Lab2", "Lab2\Lab2.csproj", "{BD1D481C-351C-4FAD-89DC-6FC1BF01D44B}"
EndProject
Global
	GlobalSection(SolutionConfigurationPlatforms) = preSolution
		Debug|Any CPU = Debug|Any CPU
		Release|Any CPU = Release|Any CPU
	EndGlobalSection
	GlobalSection(ProjectConfigurationPlatforms) = postSolution
		{BD1D481C-351C-4FAD-89DC-6FC1BF01D44B}.Debug|Any CPU.ActiveCfg = Debug|Any CPU
		{BD1D481C-351C-4FAD-89DC-6FC1BF01D44B}.Debug|Any CPU.Build.0 = Debug|Any CPU
		{BD1D481C-351C-4FAD-89DC-6FC1BF01D44B}.Release|Any CPU.ActiveCfg = Release|Any CPU
		{BD1D481C-351C-4FAD-89DC-6FC1BF01D44B}.Release|Any CPU.Build.0 = Release|Any CPU
	EndGlobalSection
	GlobalSection(SolutionProperties) = preSolution
		HideSolutionNode = FALSE
	EndGlobalSection
	GlobalSection(ExtensibilityGlobals) = postSolution
		SolutionGuid = {3CCCC1C4-301D-48C4-B670-FD74A16DA454}
	EndGlobalSection
EndGlobal
